// !$*UTF8*$!
{
	archiveVersion = 1;
	classes = {
	};
	objectVersion = 55;
	objects = {

/* Begin PBXBuildFile section */
		3E5E3738270C273400672515 /* AppDelegate.m in Sources */ = {isa = PBXBuildFile; fileRef = 3E5E3737270C273400672515 /* AppDelegate.m */; };
		3E5E373B270C273400672515 /* SceneDelegate.m in Sources */ = {isa = PBXBuildFile; fileRef = 3E5E373A270C273400672515 /* SceneDelegate.m */; };
		3E5E373E270C273400672515 /* MainViewController.m in Sources */ = {isa = PBXBuildFile; fileRef = 3E5E373D270C273400672515 /* MainViewController.m */; };
		3E5E3741270C273400672515 /* Main.storyboard in Resources */ = {isa = PBXBuildFile; fileRef = 3E5E373F270C273400672515 /* Main.storyboard */; };
		3E5E3743270C273500672515 /* Assets.xcassets in Resources */ = {isa = PBXBuildFile; fileRef = 3E5E3742270C273500672515 /* Assets.xcassets */; };
		3E5E3746270C273500672515 /* LaunchScreen.storyboard in Resources */ = {isa = PBXBuildFile; fileRef = 3E5E3744270C273500672515 /* LaunchScreen.storyboard */; };
		3E5E3749270C273500672515 /* main.m in Sources */ = {isa = PBXBuildFile; fileRef = 3E5E3748270C273500672515 /* main.m */; };
		3E5E3751270C288200672515 /* WebKit.framework in Frameworks */ = {isa = PBXBuildFile; fileRef = 3E5E3750270C288200672515 /* WebKit.framework */; };
		BEA8F03BB7322508797517F8 /* Pods_QRCode_Objective_C.framework in Frameworks */ = {isa = PBXBuildFile; fileRef = 586DF01D9BFE805EDDA0ACA2 /* Pods_QRCode_Objective_C.framework */; };
/* End PBXBuildFile section */

/* Begin PBXFileReference section */
		3E5E3733270C273400672515 /* QRCode_Objective-C.app */ = {isa = PBXFileReference; explicitFileType = wrapper.application; includeInIndex = 0; path = "QRCode_Objective-C.app"; sourceTree = BUILT_PRODUCTS_DIR; };
		3E5E3736270C273400672515 /* AppDelegate.h */ = {isa = PBXFileReference; lastKnownFileType = sourcecode.c.h; path = AppDelegate.h; sourceTree = "<group>"; };
		3E5E3737270C273400672515 /* AppDelegate.m */ = {isa = PBXFileReference; lastKnownFileType = sourcecode.c.objc; path = AppDelegate.m; sourceTree = "<group>"; };
		3E5E3739270C273400672515 /* SceneDelegate.h */ = {isa = PBXFileReference; lastKnownFileType = sourcecode.c.h; path = SceneDelegate.h; sourceTree = "<group>"; };
		3E5E373A270C273400672515 /* SceneDelegate.m */ = {isa = PBXFileReference; lastKnownFileType = sourcecode.c.objc; path = SceneDelegate.m; sourceTree = "<group>"; };
		3E5E373C270C273400672515 /* MainViewController.h */ = {isa = PBXFileReference; lastKnownFileType = sourcecode.c.h; path = MainViewController.h; sourceTree = "<group>"; };
		3E5E373D270C273400672515 /* MainViewController.m */ = {isa = PBXFileReference; lastKnownFileType = sourcecode.c.objc; path = MainViewController.m; sourceTree = "<group>"; };
		3E5E3740270C273400672515 /* Base */ = {isa = PBXFileReference; lastKnownFileType = file.storyboard; name = Base; path = Base.lproj/Main.storyboard; sourceTree = "<group>"; };
		3E5E3742270C273500672515 /* Assets.xcassets */ = {isa = PBXFileReference; lastKnownFileType = folder.assetcatalog; path = Assets.xcassets; sourceTree = "<group>"; };
		3E5E3745270C273500672515 /* Base */ = {isa = PBXFileReference; lastKnownFileType = file.storyboard; name = Base; path = Base.lproj/LaunchScreen.storyboard; sourceTree = "<group>"; };
		3E5E3747270C273500672515 /* Info.plist */ = {isa = PBXFileReference; lastKnownFileType = text.plist.xml; path = Info.plist; sourceTree = "<group>"; };
		3E5E3748270C273500672515 /* main.m */ = {isa = PBXFileReference; lastKnownFileType = sourcecode.c.objc; path = main.m; sourceTree = "<group>"; };
		3E5E3750270C288200672515 /* WebKit.framework */ = {isa = PBXFileReference; lastKnownFileType = wrapper.framework; name = WebKit.framework; path = System/Library/Frameworks/WebKit.framework; sourceTree = SDKROOT; };
		586DF01D9BFE805EDDA0ACA2 /* Pods_QRCode_Objective_C.framework */ = {isa = PBXFileReference; explicitFileType = wrapper.framework; includeInIndex = 0; path = Pods_QRCode_Objective_C.framework; sourceTree = BUILT_PRODUCTS_DIR; };
		75A7F1F6A1A376122AE7A17E /* Pods-QRCode_Objective-C.release.xcconfig */ = {isa = PBXFileReference; includeInIndex = 1; lastKnownFileType = text.xcconfig; name = "Pods-QRCode_Objective-C.release.xcconfig"; path = "Target Support Files/Pods-QRCode_Objective-C/Pods-QRCode_Objective-C.release.xcconfig"; sourceTree = "<group>"; };
		ADFFA4DBC2CF4070CD4E529A /* Pods-QRCode_Objective-C.debug.xcconfig */ = {isa = PBXFileReference; includeInIndex = 1; lastKnownFileType = text.xcconfig; name = "Pods-QRCode_Objective-C.debug.xcconfig"; path = "Target Support Files/Pods-QRCode_Objective-C/Pods-QRCode_Objective-C.debug.xcconfig"; sourceTree = "<group>"; };
/* End PBXFileReference section */

/* Begin PBXFrameworksBuildPhase section */
		3E5E3730270C273400672515 /* Frameworks */ = {
			isa = PBXFrameworksBuildPhase;
			buildActionMask = 2147483647;
			files = (
				3E5E3751270C288200672515 /* WebKit.framework in Frameworks */,
				BEA8F03BB7322508797517F8 /* Pods_QRCode_Objective_C.framework in Frameworks */,
			);
			runOnlyForDeploymentPostprocessing = 0;
		};
/* End PBXFrameworksBuildPhase section */

/* Begin PBXGroup section */
		3E5E372A270C273400672515 = {
			isa = PBXGroup;
			children = (
				3E5E3735270C273400672515 /* QRCode_Objective-C */,
				3E5E3734270C273400672515 /* Products */,
				3E5E374F270C288200672515 /* Frameworks */,
				76BA6ED5B69E698616D38BB6 /* Pods */,
			);
			sourceTree = "<group>";
		};
		3E5E3734270C273400672515 /* Products */ = {
			isa = PBXGroup;
			children = (
				3E5E3733270C273400672515 /* QRCode_Objective-C.app */,
			);
			name = Products;
			sourceTree = "<group>";
		};
		3E5E3735270C273400672515 /* QRCode_Objective-C */ = {
			isa = PBXGroup;
			children = (
				3E5E3736270C273400672515 /* AppDelegate.h */,
				3E5E3737270C273400672515 /* AppDelegate.m */,
				3E5E3739270C273400672515 /* SceneDelegate.h */,
				3E5E373A270C273400672515 /* SceneDelegate.m */,
				3E5E373C270C273400672515 /* MainViewController.h */,
				3E5E373D270C273400672515 /* MainViewController.m */,
				3E5E373F270C273400672515 /* Main.storyboard */,
				3E5E3742270C273500672515 /* Assets.xcassets */,
				3E5E3744270C273500672515 /* LaunchScreen.storyboard */,
				3E5E3747270C273500672515 /* Info.plist */,
				3E5E3748270C273500672515 /* main.m */,
			);
			path = "QRCode_Objective-C";
			sourceTree = "<group>";
		};
		3E5E374F270C288200672515 /* Frameworks */ = {
			isa = PBXGroup;
			children = (
				3E5E3750270C288200672515 /* WebKit.framework */,
				586DF01D9BFE805EDDA0ACA2 /* Pods_QRCode_Objective_C.framework */,
			);
			name = Frameworks;
			sourceTree = "<group>";
		};
		76BA6ED5B69E698616D38BB6 /* Pods */ = {
			isa = PBXGroup;
			children = (
				ADFFA4DBC2CF4070CD4E529A /* Pods-QRCode_Objective-C.debug.xcconfig */,
				75A7F1F6A1A376122AE7A17E /* Pods-QRCode_Objective-C.release.xcconfig */,
			);
			name = Pods;
			path = Pods;
			sourceTree = "<group>";
		};
/* End PBXGroup section */

/* Begin PBXNativeTarget section */
		3E5E3732270C273400672515 /* QRCode_Objective-C */ = {
			isa = PBXNativeTarget;
			buildConfigurationList = 3E5E374C270C273500672515 /* Build configuration list for PBXNativeTarget "QRCode_Objective-C" */;
			buildPhases = (
				55427224CCEEA24893F93F04 /* [CP] Check Pods Manifest.lock */,
				3E5E372F270C273400672515 /* Sources */,
				3E5E3730270C273400672515 /* Frameworks */,
				3E5E3731270C273400672515 /* Resources */,
				3A94496A60789B8377FFB48B /* [CP] Embed Pods Frameworks */,
			);
			buildRules = (
			);
			dependencies = (
			);
			name = "QRCode_Objective-C";
			productName = "QRCode_Objective-C";
			productReference = 3E5E3733270C273400672515 /* QRCode_Objective-C.app */;
			productType = "com.apple.product-type.application";
		};
/* End PBXNativeTarget section */

/* Begin PBXProject section */
		3E5E372B270C273400672515 /* Project object */ = {
			isa = PBXProject;
			attributes = {
				BuildIndependentTargetsInParallel = 1;
				LastUpgradeCheck = 1300;
				TargetAttributes = {
					3E5E3732270C273400672515 = {
						CreatedOnToolsVersion = 13.0;
					};
				};
			};
			buildConfigurationList = 3E5E372E270C273400672515 /* Build configuration list for PBXProject "QRCode_Objective-C" */;
			compatibilityVersion = "Xcode 13.0";
			developmentRegion = en;
			hasScannedForEncodings = 0;
			knownRegions = (
				en,
				Base,
			);
			mainGroup = 3E5E372A270C273400672515;
			productRefGroup = 3E5E3734270C273400672515 /* Products */;
			projectDirPath = "";
			projectRoot = "";
			targets = (
				3E5E3732270C273400672515 /* QRCode_Objective-C */,
			);
		};
/* End PBXProject section */

/* Begin PBXResourcesBuildPhase section */
		3E5E3731270C273400672515 /* Resources */ = {
			isa = PBXResourcesBuildPhase;
			buildActionMask = 2147483647;
			files = (
				3E5E3746270C273500672515 /* LaunchScreen.storyboard in Resources */,
				3E5E3743270C273500672515 /* Assets.xcassets in Resources */,
				3E5E3741270C273400672515 /* Main.storyboard in Resources */,
			);
			runOnlyForDeploymentPostprocessing = 0;
		};
/* End PBXResourcesBuildPhase section */

/* Begin PBXShellScriptBuildPhase section */
		3A94496A60789B8377FFB48B /* [CP] Embed Pods Frameworks */ = {
			isa = PBXShellScriptBuildPhase;
			buildActionMask = 2147483647;
			files = (
			);
			inputFileListPaths = (
				"${PODS_ROOT}/Target Support Files/Pods-QRCode_Objective-C/Pods-QRCode_Objective-C-frameworks-${CONFIGURATION}-input-files.xcfilelist",
			);
			name = "[CP] Embed Pods Frameworks";
			outputFileListPaths = (
				"${PODS_ROOT}/Target Support Files/Pods-QRCode_Objective-C/Pods-QRCode_Objective-C-frameworks-${CONFIGURATION}-output-files.xcfilelist",
			);
			runOnlyForDeploymentPostprocessing = 0;
			shellPath = /bin/sh;
			shellScript = "\"${PODS_ROOT}/Target Support Files/Pods-QRCode_Objective-C/Pods-QRCode_Objective-C-frameworks.sh\"\n";
			showEnvVarsInLog = 0;
		};
		55427224CCEEA24893F93F04 /* [CP] Check Pods Manifest.lock */ = {
			isa = PBXShellScriptBuildPhase;
			buildActionMask = 2147483647;
			files = (
			);
			inputFileListPaths = (
			);
			inputPaths = (
				"${PODS_PODFILE_DIR_PATH}/Podfile.lock",
				"${PODS_ROOT}/Manifest.lock",
			);
			name = "[CP] Check Pods Manifest.lock";
			outputFileListPaths = (
			);
			outputPaths = (
				"$(DERIVED_FILE_DIR)/Pods-QRCode_Objective-C-checkManifestLockResult.txt",
			);
			runOnlyForDeploymentPostprocessing = 0;
			shellPath = /bin/sh;
			shellScript = "diff \"${PODS_PODFILE_DIR_PATH}/Podfile.lock\" \"${PODS_ROOT}/Manifest.lock\" > /dev/null\nif [ $? != 0 ] ; then\n    # print error to STDERR\n    echo \"error: The sandbox is not in sync with the Podfile.lock. Run 'pod install' or update your CocoaPods installation.\" >&2\n    exit 1\nfi\n# This output is used by Xcode 'outputs' to avoid re-running this script phase.\necho \"SUCCESS\" > \"${SCRIPT_OUTPUT_FILE_0}\"\n";
			showEnvVarsInLog = 0;
		};
/* End PBXShellScriptBuildPhase section */

/* Begin PBXSourcesBuildPhase section */
		3E5E372F270C273400672515 /* Sources */ = {
			isa = PBXSourcesBuildPhase;
			buildActionMask = 2147483647;
			files = (
				3E5E373E270C273400672515 /* MainViewController.m in Sources */,
				3E5E3738270C273400672515 /* AppDelegate.m in Sources */,
				3E5E3749270C273500672515 /* main.m in Sources */,
				3E5E373B270C273400672515 /* SceneDelegate.m in Sources */,
			);
			runOnlyForDeploymentPostprocessing = 0;
		};
/* End PBXSourcesBuildPhase section */

/* Begin PBXVariantGroup section */
		3E5E373F270C273400672515 /* Main.storyboard */ = {
			isa = PBXVariantGroup;
			children = (
				3E5E3740270C273400672515 /* Base */,
			);
			name = Main.storyboard;
			sourceTree = "<group>";
		};
		3E5E3744270C273500672515 /* LaunchScreen.storyboard */ = {
			isa = PBXVariantGroup;
			children = (
				3E5E3745270C273500672515 /* Base */,
			);
			name = LaunchScreen.storyboard;
			sourceTree = "<group>";
		};
/* End PBXVariantGroup section */

/* Begin XCBuildConfiguration section */
		3E5E374A270C273500672515 /* Debug */ = {
			isa = XCBuildConfiguration;
			buildSettings = {
				ALWAYS_SEARCH_USER_PATHS = NO;
				CLANG_ANALYZER_NONNULL = YES;
				CLANG_ANALYZER_NUMBER_OBJECT_CONVERSION = YES_AGGRESSIVE;
				CLANG_CXX_LANGUAGE_STANDARD = "gnu++17";
				CLANG_CXX_LIBRARY = "libc++";
				CLANG_ENABLE_MODULES = YES;
				CLANG_ENABLE_OBJC_ARC = YES;
				CLANG_ENABLE_OBJC_WEAK = YES;
				CLANG_WARN_BLOCK_CAPTURE_AUTORELEASING = YES;
				CLANG_WARN_BOOL_CONVERSION = YES;
				CLANG_WARN_COMMA = YES;
				CLANG_WARN_CONSTANT_CONVERSION = YES;
				CLANG_WARN_DEPRECATED_OBJC_IMPLEMENTATIONS = YES;
				CLANG_WARN_DIRECT_OBJC_ISA_USAGE = YES_ERROR;
				CLANG_WARN_DOCUMENTATION_COMMENTS = YES;
				CLANG_WARN_EMPTY_BODY = YES;
				CLANG_WARN_ENUM_CONVERSION = YES;
				CLANG_WARN_INFINITE_RECURSION = YES;
				CLANG_WARN_INT_CONVERSION = YES;
				CLANG_WARN_NON_LITERAL_NULL_CONVERSION = YES;
				CLANG_WARN_OBJC_IMPLICIT_RETAIN_SELF = YES;
				CLANG_WARN_OBJC_LITERAL_CONVERSION = YES;
				CLANG_WARN_OBJC_ROOT_CLASS = YES_ERROR;
				CLANG_WARN_QUOTED_INCLUDE_IN_FRAMEWORK_HEADER = YES;
				CLANG_WARN_RANGE_LOOP_ANALYSIS = YES;
				CLANG_WARN_STRICT_PROTOTYPES = YES;
				CLANG_WARN_SUSPICIOUS_MOVE = YES;
				CLANG_WARN_UNGUARDED_AVAILABILITY = YES_AGGRESSIVE;
				CLANG_WARN_UNREACHABLE_CODE = YES;
				CLANG_WARN__DUPLICATE_METHOD_MATCH = YES;
				COPY_PHASE_STRIP = NO;
				DEBUG_INFORMATION_FORMAT = dwarf;
				ENABLE_STRICT_OBJC_MSGSEND = YES;
				ENABLE_TESTABILITY = YES;
				GCC_C_LANGUAGE_STANDARD = gnu11;
				GCC_DYNAMIC_NO_PIC = NO;
				GCC_NO_COMMON_BLOCKS = YES;
				GCC_OPTIMIZATION_LEVEL = 0;
				GCC_PREPROCESSOR_DEFINITIONS = (
					"DEBUG=1",
					"$(inherited)",
				);
				GCC_WARN_64_TO_32_BIT_CONVERSION = YES;
				GCC_WARN_ABOUT_RETURN_TYPE = YES_ERROR;
				GCC_WARN_UNDECLARED_SELECTOR = YES;
				GCC_WARN_UNINITIALIZED_AUTOS = YES_AGGRESSIVE;
				GCC_WARN_UNUSED_FUNCTION = YES;
				GCC_WARN_UNUSED_VARIABLE = YES;
				IPHONEOS_DEPLOYMENT_TARGET = 15.0;
				MTL_ENABLE_DEBUG_INFO = INCLUDE_SOURCE;
				MTL_FAST_MATH = YES;
				ONLY_ACTIVE_ARCH = YES;
				SDKROOT = iphoneos;
			};
			name = Debug;
		};
		3E5E374B270C273500672515 /* Release */ = {
			isa = XCBuildConfiguration;
			buildSettings = {
				ALWAYS_SEARCH_USER_PATHS = NO;
				CLANG_ANALYZER_NONNULL = YES;
				CLANG_ANALYZER_NUMBER_OBJECT_CONVERSION = YES_AGGRESSIVE;
				CLANG_CXX_LANGUAGE_STANDARD = "gnu++17";
				CLANG_CXX_LIBRARY = "libc++";
				CLANG_ENABLE_MODULES = YES;
				CLANG_ENABLE_OBJC_ARC = YES;
				CLANG_ENABLE_OBJC_WEAK = YES;
				CLANG_WARN_BLOCK_CAPTURE_AUTORELEASING = YES;
				CLANG_WARN_BOOL_CONVERSION = YES;
				CLANG_WARN_COMMA = YES;
				CLANG_WARN_CONSTANT_CONVERSION = YES;
				CLANG_WARN_DEPRECATED_OBJC_IMPLEMENTATIONS = YES;
				CLANG_WARN_DIRECT_OBJC_ISA_USAGE = YES_ERROR;
				CLANG_WARN_DOCUMENTATION_COMMENTS = YES;
				CLANG_WARN_EMPTY_BODY = YES;
				CLANG_WARN_ENUM_CONVERSION = YES;
				CLANG_WARN_INFINITE_RECURSION = YES;
				CLANG_WARN_INT_CONVERSION = YES;
				CLANG_WARN_NON_LITERAL_NULL_CONVERSION = YES;
				CLANG_WARN_OBJC_IMPLICIT_RETAIN_SELF = YES;
				CLANG_WARN_OBJC_LITERAL_CONVERSION = YES;
				CLANG_WARN_OBJC_ROOT_CLASS = YES_ERROR;
				CLANG_WARN_QUOTED_INCLUDE_IN_FRAMEWORK_HEADER = YES;
				CLANG_WARN_RANGE_LOOP_ANALYSIS = YES;
				CLANG_WARN_STRICT_PROTOTYPES = YES;
				CLANG_WARN_SUSPICIOUS_MOVE = YES;
				CLANG_WARN_UNGUARDED_AVAILABILITY = YES_AGGRESSIVE;
				CLANG_WARN_UNREACHABLE_CODE = YES;
				CLANG_WARN__DUPLICATE_METHOD_MATCH = YES;
				COPY_PHASE_STRIP = NO;
				DEBUG_INFORMATION_FORMAT = "dwarf-with-dsym";
				ENABLE_NS_ASSERTIONS = NO;
				ENABLE_STRICT_OBJC_MSGSEND = YES;
				GCC_C_LANGUAGE_STANDARD = gnu11;
				GCC_NO_COMMON_BLOCKS = YES;
				GCC_WARN_64_TO_32_BIT_CONVERSION = YES;
				GCC_WARN_ABOUT_RETURN_TYPE = YES_ERROR;
				GCC_WARN_UNDECLARED_SELECTOR = YES;
				GCC_WARN_UNINITIALIZED_AUTOS = YES_AGGRESSIVE;
				GCC_WARN_UNUSED_FUNCTION = YES;
				GCC_WARN_UNUSED_VARIABLE = YES;
				IPHONEOS_DEPLOYMENT_TARGET = 15.0;
				MTL_ENABLE_DEBUG_INFO = NO;
				MTL_FAST_MATH = YES;
				SDKROOT = iphoneos;
				VALIDATE_PRODUCT = YES;
			};
			name = Release;
		};
		3E5E374D270C273500672515 /* Debug */ = {
			isa = XCBuildConfiguration;
			baseConfigurationReference = ADFFA4DBC2CF4070CD4E529A /* Pods-QRCode_Objective-C.debug.xcconfig */;
			buildSettings = {
				ASSETCATALOG_COMPILER_APPICON_NAME = AppIcon;
				ASSETCATALOG_COMPILER_GLOBAL_ACCENT_COLOR_NAME = AccentColor;
				CODE_SIGN_STYLE = Automatic;
				CURRENT_PROJECT_VERSION = 1;
				DEVELOPMENT_TEAM = BR8CN8N4Y6;
				GENERATE_INFOPLIST_FILE = YES;
				INFOPLIST_FILE = "QRCode_Objective-C/Info.plist";
				INFOPLIST_KEY_UIApplicationSupportsIndirectInputEvents = YES;
				INFOPLIST_KEY_UILaunchStoryboardName = LaunchScreen;
				INFOPLIST_KEY_UIMainStoryboardFile = Main;
				INFOPLIST_KEY_UISupportedInterfaceOrientations_iPad = "UIInterfaceOrientationPortrait UIInterfaceOrientationPortraitUpsideDown UIInterfaceOrientationLandscapeLeft UIInterfaceOrientationLandscapeRight";
				INFOPLIST_KEY_UISupportedInterfaceOrientations_iPhone = "UIInterfaceOrientationPortrait UIInterfaceOrientationLandscapeLeft UIInterfaceOrientationLandscapeRight";
				LD_RUNPATH_SEARCH_PATHS = (
					"$(inherited)",
					"@executable_path/Frameworks",
				);
				MARKETING_VERSION = 1.0;
				PRODUCT_BUNDLE_IDENTIFIER = "com.SeongMinK.QRCode-Objective-C";
				PRODUCT_NAME = "$(TARGET_NAME)";
				SWIFT_EMIT_LOC_STRINGS = YES;
				TARGETED_DEVICE_FAMILY = "1,2";
			};
			name = Debug;
		};
		3E5E374E270C273500672515 /* Release */ = {
			isa = XCBuildConfiguration;
			baseConfigurationReference = 75A7F1F6A1A376122AE7A17E /* Pods-QRCode_Objective-C.release.xcconfig */;
			buildSettings = {
				ASSETCATALOG_COMPILER_APPICON_NAME = AppIcon;
				ASSETCATALOG_COMPILER_GLOBAL_ACCENT_COLOR_NAME = AccentColor;
				CODE_SIGN_STYLE = Automatic;
				CURRENT_PROJECT_VERSION = 1;
				DEVELOPMENT_TEAM = BR8CN8N4Y6;
				GENERATE_INFOPLIST_FILE = YES;
				INFOPLIST_FILE = "QRCode_Objective-C/Info.plist";
				INFOPLIST_KEY_UIApplicationSupportsIndirectInputEvents = YES;
				INFOPLIST_KEY_UILaunchStoryboardName = LaunchScreen;
				INFOPLIST_KEY_UIMainStoryboardFile = Main;
				INFOPLIST_KEY_UISupportedInterfaceOrientations_iPad = "UIInterfaceOrientationPortrait UIInterfaceOrientationPortraitUpsideDown UIInterfaceOrientationLandscapeLeft UIInterfaceOrientationLandscapeRight";
				INFOPLIST_KEY_UISupportedInterfaceOrientations_iPhone = "UIInterfaceOrientationPortrait UIInterfaceOrientationLandscapeLeft UIInterfaceOrientationLandscapeRight";
				LD_RUNPATH_SEARCH_PATHS = (
					"$(inherited)",
					"@executable_path/Frameworks",
				);
				MARKETING_VERSION = 1.0;
				PRODUCT_BUNDLE_IDENTIFIER = "com.SeongMinK.QRCode-Objective-C";
				PRODUCT_NAME = "$(TARGET_NAME)";
				SWIFT_EMIT_LOC_STRINGS = YES;
				TARGETED_DEVICE_FAMILY = "1,2";
			};
			name = Release;
		};
/* End XCBuildConfiguration section */

/* Begin XCConfigurationList section */
		3E5E372E270C273400672515 /* Build configuration list for PBXProject "QRCode_Objective-C" */ = {
			isa = XCConfigurationList;
			buildConfigurations = (
				3E5E374A270C273500672515 /* Debug */,
				3E5E374B270C273500672515 /* Release */,
			);
			defaultConfigurationIsVisible = 0;
			defaultConfigurationName = Release;
		};
		3E5E374C270C273500672515 /* Build configuration list for PBXNativeTarget "QRCode_Objective-C" */ = {
			isa = XCConfigurationList;
			buildConfigurations = (
				3E5E374D270C273500672515 /* Debug */,
				3E5E374E270C273500672515 /* Release */,
			);
			defaultConfigurationIsVisible = 0;
			defaultConfigurationName = Release;
		};
/* End XCConfigurationList section */
	};
	rootObject = 3E5E372B270C273400672515 /* Project object */;
}
